
Microsoft Visual Studio Solution File, Format Version 12.00
# Visual Studio Version 17
VisualStudioVersion = 17.13.35931.197 d17.13
MinimumVisualStudioVersion = 10.0.40219.1
Project("{FAE04EC0-301F-11D3-BF4B-00C04F79EFBC}") = "Google-Account-Generator", "Google-Account-Generator\Google-Account-Generator.csproj", "{9F4D1D36-B527-49B5-93F4-AD12E6821C4D}"
EndProject
Global
	GlobalSection(SolutionConfigurationPlatforms) = preSolution
		Debug|Any CPU = Debug|Any CPU
		Release|Any CPU = Release|Any CPU
	EndGlobalSection
	GlobalSection(ProjectConfigurationPlatforms) = postSolution
		{9F4D1D36-B527-49B5-93F4-AD12E6821C4D}.Debug|Any CPU.ActiveCfg = Debug|Any CPU
		{9F4D1D36-B527-49B5-93F4-AD12E6821C4D}.Debug|Any CPU.Build.0 = Debug|Any CPU
		{9F4D1D36-B527-49B5-93F4-AD12E6821C4D}.Release|Any CPU.ActiveCfg = Release|Any CPU
		{9F4D1D36-B527-49B5-93F4-AD12E6821C4D}.Release|Any CPU.Build.0 = Release|Any CPU
	EndGlobalSection
	GlobalSection(SolutionProperties) = preSolution
		HideSolutionNode = FALSE
	EndGlobalSection
	GlobalSection(ExtensibilityGlobals) = postSolution
		SolutionGuid = {D1A4FFA4-C047-48F0-B332-3F317C78CFFD}
	EndGlobalSection
EndGlobal
